
Microsoft Visual Studio Solution File, Format Version 12.00
# Visual Studio 14
VisualStudioVersion = 14.0.25420.1
MinimumVisualStudioVersion = 10.0.40219.1
Project("{FAE04EC0-301F-11D3-BF4B-00C04F79EFBC}") = "TagsCloudApp", "TagsCloudApp\TagsCloudApp.csproj", "{F9A71B45-9DA3-464A-B8E2-779C656F5251}"
EndProject
Project("{FAE04EC0-301F-11D3-BF4B-00C04F79EFBC}") = "TagsCloudApp.Tests", "TagsCloudApp.Tests\TagsCloudApp.Tests.csproj", "{24FC20EB-092D-41D3-A8C6-F5F23DE76CBB}"
EndProject
Project("{FAE04EC0-301F-11D3-BF4B-00C04F79EFBC}") = "TagsCloudApp.CLI", "TagsCloudApp.CLI\TagsCloudApp.CLI.csproj", "{84D4D0A8-3FD3-4939-98C4-71ADD823B031}"
EndProject
Global
	GlobalSection(SolutionConfigurationPlatforms) = preSolution
		Debug|Any CPU = Debug|Any CPU
		Release|Any CPU = Release|Any CPU
	EndGlobalSection
	GlobalSection(ProjectConfigurationPlatforms) = postSolution
		{F9A71B45-9DA3-464A-B8E2-779C656F5251}.Debug|Any CPU.ActiveCfg = Debug|Any CPU
		{F9A71B45-9DA3-464A-B8E2-779C656F5251}.Debug|Any CPU.Build.0 = Debug|Any CPU
		{F9A71B45-9DA3-464A-B8E2-779C656F5251}.Release|Any CPU.ActiveCfg = Release|Any CPU
		{F9A71B45-9DA3-464A-B8E2-779C656F5251}.Release|Any CPU.Build.0 = Release|Any CPU
		{24FC20EB-092D-41D3-A8C6-F5F23DE76CBB}.Debug|Any CPU.ActiveCfg = Debug|Any CPU
		{24FC20EB-092D-41D3-A8C6-F5F23DE76CBB}.Debug|Any CPU.Build.0 = Debug|Any CPU
		{24FC20EB-092D-41D3-A8C6-F5F23DE76CBB}.Release|Any CPU.ActiveCfg = Release|Any CPU
		{24FC20EB-092D-41D3-A8C6-F5F23DE76CBB}.Release|Any CPU.Build.0 = Release|Any CPU
		{84D4D0A8-3FD3-4939-98C4-71ADD823B031}.Debug|Any CPU.ActiveCfg = Debug|Any CPU
		{84D4D0A8-3FD3-4939-98C4-71ADD823B031}.Debug|Any CPU.Build.0 = Debug|Any CPU
		{84D4D0A8-3FD3-4939-98C4-71ADD823B031}.Release|Any CPU.ActiveCfg = Release|Any CPU
		{84D4D0A8-3FD3-4939-98C4-71ADD823B031}.Release|Any CPU.Build.0 = Release|Any CPU
	EndGlobalSection
	GlobalSection(SolutionProperties) = preSolution
		HideSolutionNode = FALSE
	EndGlobalSection
EndGlobal
